// !$*UTF8*$!
{
	archiveVersion = 1;
	classes = {
	};
	objectVersion = 77;
	objects = {

/* Begin PBXBuildFile section */
		7F1C7CA52E835F8B00820E11 /* main.cpp in Sources */ = {isa = PBXBuildFile; fileRef = 7F1C7CA42E835F8B00820E11 /* main.cpp */; };
		7F1C7CA62E835F8B00820E11 /* main.cpp in Sources */ = {isa = PBXBuildFile; fileRef = 7F1C7CA42E835F8B00820E11 /* main.cpp */; };
		7F9721DC2E88822500D07FA4 /* strings.cpp in Sources */ = {isa = PBXBuildFile; fileRef = 7F1C7CAC2E83619C00820E11 /* strings.cpp */; };
		7F9721DD2E88822500D07FA4 /* strings.cpp in Sources */ = {isa = PBXBuildFile; fileRef = 7F1C7CAC2E83619C00820E11 /* strings.cpp */; };
/* End PBXBuildFile section */

/* Begin PBXCopyFilesBuildPhase section */
		7FF05FF32E79E1C800746C7A /* CopyFiles */ = {
			isa = PBXCopyFilesBuildPhase;
			buildActionMask = 2147483647;
			dstPath = /usr/share/man/man1/;
			dstSubfolderSpec = 0;
			files = (
			);
			runOnlyForDeploymentPostprocessing = 1;
		};
		7FF060222E79E4EC00746C7A /* Embed Frameworks */ = {
			isa = PBXCopyFilesBuildPhase;
			buildActionMask = 2147483647;
			dstPath = "";
			dstSubfolderSpec = 10;
			files = (
			);
			name = "Embed Frameworks";
			runOnlyForDeploymentPostprocessing = 0;
		};
/* End PBXCopyFilesBuildPhase section */

/* Begin PBXFileReference section */
		7F1C7CA32E835F8B00820E11 /* array.h */ = {isa = PBXFileReference; lastKnownFileType = sourcecode.c.h; path = array.h; sourceTree = "<group>"; };
		7F1C7CA42E835F8B00820E11 /* main.cpp */ = {isa = PBXFileReference; lastKnownFileType = sourcecode.cpp.cpp; path = main.cpp; sourceTree = "<group>"; };
		7F1C7CAB2E83618900820E11 /* strings.h */ = {isa = PBXFileReference; lastKnownFileType = sourcecode.c.h; path = strings.h; sourceTree = "<group>"; };
		7F1C7CAC2E83619C00820E11 /* strings.cpp */ = {isa = PBXFileReference; lastKnownFileType = sourcecode.cpp.cpp; path = strings.cpp; sourceTree = "<group>"; };
		7F267AAB2E83835B00B45645 /* DSA-ProjectTests.xctestplan */ = {isa = PBXFileReference; lastKnownFileType = text; path = "DSA-ProjectTests.xctestplan"; sourceTree = "<group>"; };
		7F5C505F2E7F4A0300087CEA /* DSA-ProjectTests.xctest */ = {isa = PBXFileReference; explicitFileType = wrapper.cfbundle; includeInIndex = 0; path = "DSA-ProjectTests.xctest"; sourceTree = BUILT_PRODUCTS_DIR; };
		7FF05FF52E79E1C800746C7A /* DSA-Project */ = {isa = PBXFileReference; explicitFileType = "compiled.mach-o.executable"; includeInIndex = 0; path = "DSA-Project"; sourceTree = BUILT_PRODUCTS_DIR; };
		7FF060082E79E20500746C7A /* README.md */ = {isa = PBXFileReference; lastKnownFileType = net.daringfireball.markdown; path = README.md; sourceTree = "<group>"; };
/* End PBXFileReference section */

/* Begin PBXFileSystemSynchronizedRootGroup section */
		7F5C50602E7F4A0300087CEA /* Tests */ = {
			isa = PBXFileSystemSynchronizedRootGroup;
			path = Tests;
			sourceTree = "<group>";
		};
/* End PBXFileSystemSynchronizedRootGroup section */

/* Begin PBXFrameworksBuildPhase section */
		7F5C505C2E7F4A0300087CEA /* Frameworks */ = {
			isa = PBXFrameworksBuildPhase;
			buildActionMask = 2147483647;
			files = (
			);
			runOnlyForDeploymentPostprocessing = 0;
		};
		7FF05FF22E79E1C800746C7A /* Frameworks */ = {
			isa = PBXFrameworksBuildPhase;
			buildActionMask = 2147483647;
			files = (
			);
			runOnlyForDeploymentPostprocessing = 0;
		};
/* End PBXFrameworksBuildPhase section */

/* Begin PBXGroup section */
		7F1C7CA92E83600200820E11 /* ds */ = {
			isa = PBXGroup;
			children = (
				7F1C7CA32E835F8B00820E11 /* array.h */,
			);
			path = ds;
			sourceTree = "<group>";
		};
		7F1C7CAA2E83601900820E11 /* algo */ = {
			isa = PBXGroup;
			children = (
				7F1C7CAC2E83619C00820E11 /* strings.cpp */,
				7F1C7CAB2E83618900820E11 /* strings.h */,
			);
			path = algo;
			sourceTree = "<group>";
		};
		7FF05FEC2E79E1C800746C7A = {
			isa = PBXGroup;
			children = (
				7F267AAB2E83835B00B45645 /* DSA-ProjectTests.xctestplan */,
				7F1C7CA42E835F8B00820E11 /* main.cpp */,
				7F1C7CAA2E83601900820E11 /* algo */,
				7F1C7CA92E83600200820E11 /* ds */,
				7FF060082E79E20500746C7A /* README.md */,
				7F5C50602E7F4A0300087CEA /* Tests */,
				7FF05FF62E79E1C800746C7A /* Products */,
			);
			sourceTree = "<group>";
		};
		7FF05FF62E79E1C800746C7A /* Products */ = {
			isa = PBXGroup;
			children = (
				7FF05FF52E79E1C800746C7A /* DSA-Project */,
				7F5C505F2E7F4A0300087CEA /* DSA-ProjectTests.xctest */,
			);
			name = Products;
			sourceTree = "<group>";
		};
/* End PBXGroup section */

/* Begin PBXNativeTarget section */
		7F5C505E2E7F4A0300087CEA /* DSA-ProjectTests */ = {
			isa = PBXNativeTarget;
			buildConfigurationList = 7F5C50632E7F4A0300087CEA /* Build configuration list for PBXNativeTarget "DSA-ProjectTests" */;
			buildPhases = (
				7F5C505B2E7F4A0300087CEA /* Sources */,
				7F5C505C2E7F4A0300087CEA /* Frameworks */,
				7F5C505D2E7F4A0300087CEA /* Resources */,
			);
			buildRules = (
			);
			dependencies = (
			);
			fileSystemSynchronizedGroups = (
				7F5C50602E7F4A0300087CEA /* Tests */,
			);
			name = "DSA-ProjectTests";
			packageProductDependencies = (
			);
			productName = ArrayCPPTests;
			productReference = 7F5C505F2E7F4A0300087CEA /* DSA-ProjectTests.xctest */;
			productType = "com.apple.product-type.bundle.unit-test";
		};
		7FF05FF42E79E1C800746C7A /* DSA-Project */ = {
			isa = PBXNativeTarget;
			buildConfigurationList = 7FF05FFC2E79E1C800746C7A /* Build configuration list for PBXNativeTarget "DSA-Project" */;
			buildPhases = (
				7FF05FF12E79E1C800746C7A /* Sources */,
				7FF05FF22E79E1C800746C7A /* Frameworks */,
				7FF05FF32E79E1C800746C7A /* CopyFiles */,
				7FF060222E79E4EC00746C7A /* Embed Frameworks */,
			);
			buildRules = (
			);
			dependencies = (
			);
			name = "DSA-Project";
			packageProductDependencies = (
			);
			productName = ArrayCPP;
			productReference = 7FF05FF52E79E1C800746C7A /* DSA-Project */;
			productType = "com.apple.product-type.tool";
		};
/* End PBXNativeTarget section */

/* Begin PBXProject section */
		7FF05FED2E79E1C800746C7A /* Project object */ = {
			isa = PBXProject;
			attributes = {
				BuildIndependentTargetsInParallel = 1;
				LastSwiftUpdateCheck = 2600;
				LastUpgradeCheck = 2600;
				TargetAttributes = {
					7F5C505E2E7F4A0300087CEA = {
						CreatedOnToolsVersion = 26.0;
						LastSwiftMigration = 2600;
					};
					7FF05FF42E79E1C800746C7A = {
						CreatedOnToolsVersion = 26.0;
					};
				};
			};
			buildConfigurationList = 7FF05FF02E79E1C800746C7A /* Build configuration list for PBXProject "DSA-Project" */;
			developmentRegion = en;
			hasScannedForEncodings = 0;
			knownRegions = (
				en,
				Base,
			);
			mainGroup = 7FF05FEC2E79E1C800746C7A;
			minimizedProjectReferenceProxies = 1;
			preferredProjectObjectVersion = 77;
			productRefGroup = 7FF05FF62E79E1C800746C7A /* Products */;
			projectDirPath = "";
			projectRoot = "";
			targets = (
				7FF05FF42E79E1C800746C7A /* DSA-Project */,
				7F5C505E2E7F4A0300087CEA /* DSA-ProjectTests */,
			);
		};
/* End PBXProject section */

/* Begin PBXResourcesBuildPhase section */
		7F5C505D2E7F4A0300087CEA /* Resources */ = {
			isa = PBXResourcesBuildPhase;
			buildActionMask = 2147483647;
			files = (
			);
			runOnlyForDeploymentPostprocessing = 0;
		};
/* End PBXResourcesBuildPhase section */

/* Begin PBXSourcesBuildPhase section */
		7F5C505B2E7F4A0300087CEA /* Sources */ = {
			isa = PBXSourcesBuildPhase;
			buildActionMask = 2147483647;
			files = (
				7F9721DD2E88822500D07FA4 /* strings.cpp in Sources */,
				7F1C7CA62E835F8B00820E11 /* main.cpp in Sources */,
			);
			runOnlyForDeploymentPostprocessing = 0;
		};
		7FF05FF12E79E1C800746C7A /* Sources */ = {
			isa = PBXSourcesBuildPhase;
			buildActionMask = 2147483647;
			files = (
				7F9721DC2E88822500D07FA4 /* strings.cpp in Sources */,
				7F1C7CA52E835F8B00820E11 /* main.cpp in Sources */,
			);
			runOnlyForDeploymentPostprocessing = 0;
		};
/* End PBXSourcesBuildPhase section */

/* Begin XCBuildConfiguration section */
		7F5C50642E7F4A0300087CEA /* Debug */ = {
			isa = XCBuildConfiguration;
			buildSettings = {
				CLANG_ENABLE_MODULES = YES;
				CODE_SIGN_STYLE = Automatic;
				CURRENT_PROJECT_VERSION = 1;
				DEVELOPMENT_TEAM = YNM8LBCZVR;
				GENERATE_INFOPLIST_FILE = YES;
				MARKETING_VERSION = 1.0;
				PRODUCT_BUNDLE_IDENTIFIER = me.ArrayCPPTests;
				PRODUCT_NAME = "$(TARGET_NAME)";
				STRING_CATALOG_GENERATE_SYMBOLS = NO;
				SWIFT_ACTIVE_COMPILATION_CONDITIONS = "DEBUG $(inherited)";
				SWIFT_APPROACHABLE_CONCURRENCY = YES;
				SWIFT_EMIT_LOC_STRINGS = NO;
				SWIFT_OBJC_BRIDGING_HEADER = "ArrayCPPTests/ArrayCPPTests-Bridging-Header.h";
				SWIFT_OPTIMIZATION_LEVEL = "-Onone";
				SWIFT_UPCOMING_FEATURE_MEMBER_IMPORT_VISIBILITY = YES;
				SWIFT_VERSION = 5.0;
			};
			name = Debug;
		};
		7F5C50652E7F4A0300087CEA /* Release */ = {
			isa = XCBuildConfiguration;
			buildSettings = {
				CLANG_ENABLE_MODULES = YES;
				CODE_SIGN_STYLE = Automatic;
				CURRENT_PROJECT_VERSION = 1;
				DEVELOPMENT_TEAM = YNM8LBCZVR;
				GENERATE_INFOPLIST_FILE = YES;
				MARKETING_VERSION = 1.0;
				PRODUCT_BUNDLE_IDENTIFIER = me.ArrayCPPTests;
				PRODUCT_NAME = "$(TARGET_NAME)";
				STRING_CATALOG_GENERATE_SYMBOLS = NO;
				SWIFT_APPROACHABLE_CONCURRENCY = YES;
				SWIFT_COMPILATION_MODE = wholemodule;
				SWIFT_EMIT_LOC_STRINGS = NO;
				SWIFT_OBJC_BRIDGING_HEADER = "ArrayCPPTests/ArrayCPPTests-Bridging-Header.h";
				SWIFT_UPCOMING_FEATURE_MEMBER_IMPORT_VISIBILITY = YES;
				SWIFT_VERSION = 5.0;
			};
			name = Release;
		};
		7FF05FFA2E79E1C800746C7A /* Debug */ = {
			isa = XCBuildConfiguration;
			buildSettings = {
				ALWAYS_SEARCH_USER_PATHS = NO;
				ASSETCATALOG_COMPILER_GENERATE_SWIFT_ASSET_SYMBOL_EXTENSIONS = YES;
				CLANG_ANALYZER_NONNULL = YES;
				CLANG_ANALYZER_NUMBER_OBJECT_CONVERSION = YES_AGGRESSIVE;
				CLANG_CXX_LANGUAGE_STANDARD = "gnu++20";
				CLANG_ENABLE_MODULES = YES;
				CLANG_ENABLE_OBJC_ARC = YES;
				CLANG_ENABLE_OBJC_WEAK = YES;
				CLANG_WARN_BLOCK_CAPTURE_AUTORELEASING = YES;
				CLANG_WARN_BOOL_CONVERSION = YES;
				CLANG_WARN_COMMA = YES;
				CLANG_WARN_CONSTANT_CONVERSION = YES;
				CLANG_WARN_DEPRECATED_OBJC_IMPLEMENTATIONS = YES;
				CLANG_WARN_DIRECT_OBJC_ISA_USAGE = YES_ERROR;
				CLANG_WARN_DOCUMENTATION_COMMENTS = YES;
				CLANG_WARN_EMPTY_BODY = YES;
				CLANG_WARN_ENUM_CONVERSION = YES;
				CLANG_WARN_INFINITE_RECURSION = YES;
				CLANG_WARN_INT_CONVERSION = YES;
				CLANG_WARN_NON_LITERAL_NULL_CONVERSION = YES;
				CLANG_WARN_OBJC_IMPLICIT_RETAIN_SELF = YES;
				CLANG_WARN_OBJC_LITERAL_CONVERSION = YES;
				CLANG_WARN_OBJC_ROOT_CLASS = YES_ERROR;
				CLANG_WARN_QUOTED_INCLUDE_IN_FRAMEWORK_HEADER = YES;
				CLANG_WARN_RANGE_LOOP_ANALYSIS = YES;
				CLANG_WARN_STRICT_PROTOTYPES = YES;
				CLANG_WARN_SUSPICIOUS_MOVE = YES;
				CLANG_WARN_UNGUARDED_AVAILABILITY = YES_AGGRESSIVE;
				CLANG_WARN_UNREACHABLE_CODE = YES;
				CLANG_WARN__DUPLICATE_METHOD_MATCH = YES;
				COPY_PHASE_STRIP = NO;
				DEBUG_INFORMATION_FORMAT = dwarf;
				DEVELOPMENT_TEAM = YNM8LBCZVR;
				ENABLE_STRICT_OBJC_MSGSEND = YES;
				ENABLE_TESTABILITY = YES;
				ENABLE_TESTING_SEARCH_PATHS = YES;
				ENABLE_USER_SCRIPT_SANDBOXING = YES;
				GCC_C_LANGUAGE_STANDARD = gnu17;
				GCC_DYNAMIC_NO_PIC = NO;
				GCC_NO_COMMON_BLOCKS = YES;
				GCC_OPTIMIZATION_LEVEL = 0;
				GCC_PREPROCESSOR_DEFINITIONS = (
					"DEBUG=1",
					"$(inherited)",
				);
				GCC_WARN_64_TO_32_BIT_CONVERSION = YES;
				GCC_WARN_ABOUT_RETURN_TYPE = YES_ERROR;
				GCC_WARN_UNDECLARED_SELECTOR = YES;
				GCC_WARN_UNINITIALIZED_AUTOS = YES_AGGRESSIVE;
				GCC_WARN_UNUSED_FUNCTION = YES;
				GCC_WARN_UNUSED_VARIABLE = YES;
				LOCALIZATION_PREFERS_STRING_CATALOGS = YES;
				MACOSX_DEPLOYMENT_TARGET = 26.0;
				MTL_ENABLE_DEBUG_INFO = INCLUDE_SOURCE;
				MTL_FAST_MATH = YES;
				ONLY_ACTIVE_ARCH = YES;
				SDKROOT = macosx;
			};
			name = Debug;
		};
		7FF05FFB2E79E1C800746C7A /* Release */ = {
			isa = XCBuildConfiguration;
			buildSettings = {
				ALWAYS_SEARCH_USER_PATHS = NO;
				ASSETCATALOG_COMPILER_GENERATE_SWIFT_ASSET_SYMBOL_EXTENSIONS = YES;
				CLANG_ANALYZER_NONNULL = YES;
				CLANG_ANALYZER_NUMBER_OBJECT_CONVERSION = YES_AGGRESSIVE;
				CLANG_CXX_LANGUAGE_STANDARD = "gnu++20";
				CLANG_ENABLE_MODULES = YES;
				CLANG_ENABLE_OBJC_ARC = YES;
				CLANG_ENABLE_OBJC_WEAK = YES;
				CLANG_WARN_BLOCK_CAPTURE_AUTORELEASING = YES;
				CLANG_WARN_BOOL_CONVERSION = YES;
				CLANG_WARN_COMMA = YES;
				CLANG_WARN_CONSTANT_CONVERSION = YES;
				CLANG_WARN_DEPRECATED_OBJC_IMPLEMENTATIONS = YES;
				CLANG_WARN_DIRECT_OBJC_ISA_USAGE = YES_ERROR;
				CLANG_WARN_DOCUMENTATION_COMMENTS = YES;
				CLANG_WARN_EMPTY_BODY = YES;
				CLANG_WARN_ENUM_CONVERSION = YES;
				CLANG_WARN_INFINITE_RECURSION = YES;
				CLANG_WARN_INT_CONVERSION = YES;
				CLANG_WARN_NON_LITERAL_NULL_CONVERSION = YES;
				CLANG_WARN_OBJC_IMPLICIT_RETAIN_SELF = YES;
				CLANG_WARN_OBJC_LITERAL_CONVERSION = YES;
				CLANG_WARN_OBJC_ROOT_CLASS = YES_ERROR;
				CLANG_WARN_QUOTED_INCLUDE_IN_FRAMEWORK_HEADER = YES;
				CLANG_WARN_RANGE_LOOP_ANALYSIS = YES;
				CLANG_WARN_STRICT_PROTOTYPES = YES;
				CLANG_WARN_SUSPICIOUS_MOVE = YES;
				CLANG_WARN_UNGUARDED_AVAILABILITY = YES_AGGRESSIVE;
				CLANG_WARN_UNREACHABLE_CODE = YES;
				CLANG_WARN__DUPLICATE_METHOD_MATCH = YES;
				COPY_PHASE_STRIP = NO;
				DEBUG_INFORMATION_FORMAT = "dwarf-with-dsym";
				DEVELOPMENT_TEAM = YNM8LBCZVR;
				ENABLE_NS_ASSERTIONS = NO;
				ENABLE_STRICT_OBJC_MSGSEND = YES;
				ENABLE_TESTING_SEARCH_PATHS = YES;
				ENABLE_USER_SCRIPT_SANDBOXING = YES;
				GCC_C_LANGUAGE_STANDARD = gnu17;
				GCC_NO_COMMON_BLOCKS = YES;
				GCC_WARN_64_TO_32_BIT_CONVERSION = YES;
				GCC_WARN_ABOUT_RETURN_TYPE = YES_ERROR;
				GCC_WARN_UNDECLARED_SELECTOR = YES;
				GCC_WARN_UNINITIALIZED_AUTOS = YES_AGGRESSIVE;
				GCC_WARN_UNUSED_FUNCTION = YES;
				GCC_WARN_UNUSED_VARIABLE = YES;
				LOCALIZATION_PREFERS_STRING_CATALOGS = YES;
				MACOSX_DEPLOYMENT_TARGET = 26.0;
				MTL_ENABLE_DEBUG_INFO = NO;
				MTL_FAST_MATH = YES;
				SDKROOT = macosx;
			};
			name = Release;
		};
		7FF05FFD2E79E1C800746C7A /* Debug */ = {
			isa = XCBuildConfiguration;
			buildSettings = {
				CODE_SIGN_STYLE = Automatic;
				DEVELOPMENT_TEAM = YNM8LBCZVR;
				ENABLE_HARDENED_RUNTIME = YES;
				PRODUCT_NAME = "$(TARGET_NAME)";
			};
			name = Debug;
		};
		7FF05FFE2E79E1C800746C7A /* Release */ = {
			isa = XCBuildConfiguration;
			buildSettings = {
				CODE_SIGN_STYLE = Automatic;
				DEVELOPMENT_TEAM = YNM8LBCZVR;
				ENABLE_HARDENED_RUNTIME = YES;
				PRODUCT_NAME = "$(TARGET_NAME)";
			};
			name = Release;
		};
/* End XCBuildConfiguration section */

/* Begin XCConfigurationList section */
		7F5C50632E7F4A0300087CEA /* Build configuration list for PBXNativeTarget "DSA-ProjectTests" */ = {
			isa = XCConfigurationList;
			buildConfigurations = (
				7F5C50642E7F4A0300087CEA /* Debug */,
				7F5C50652E7F4A0300087CEA /* Release */,
			);
			defaultConfigurationIsVisible = 0;
			defaultConfigurationName = Release;
		};
		7FF05FF02E79E1C800746C7A /* Build configuration list for PBXProject "DSA-Project" */ = {
			isa = XCConfigurationList;
			buildConfigurations = (
				7FF05FFA2E79E1C800746C7A /* Debug */,
				7FF05FFB2E79E1C800746C7A /* Release */,
			);
			defaultConfigurationIsVisible = 0;
			defaultConfigurationName = Release;
		};
		7FF05FFC2E79E1C800746C7A /* Build configuration list for PBXNativeTarget "DSA-Project" */ = {
			isa = XCConfigurationList;
			buildConfigurations = (
				7FF05FFD2E79E1C800746C7A /* Debug */,
				7FF05FFE2E79E1C800746C7A /* Release */,
			);
			defaultConfigurationIsVisible = 0;
			defaultConfigurationName = Release;
		};
/* End XCConfigurationList section */
	};
	rootObject = 7FF05FED2E79E1C800746C7A /* Project object */;
}
